
Microsoft Visual Studio Solution File, Format Version 12.00
# Visual Studio Version 16
VisualStudioVersion = 16.0.30907.101
MinimumVisualStudioVersion = 10.0.40219.1
Project("{FAE04EC0-301F-11D3-BF4B-00C04F79EFBC}") = "MyWallet.Api", "MyWallet\MyWallet.Api.csproj", "{7521AD84-D215-4FC2-A315-72E447FB3E3B}"
EndProject
Project("{FAE04EC0-301F-11D3-BF4B-00C04F79EFBC}") = "MyWallet.Service", "MyWallet.Service\MyWallet.Service.csproj", "{86362C18-BF43-4569-8A03-2D87E070E42C}"
EndProject
Project("{FAE04EC0-301F-11D3-BF4B-00C04F79EFBC}") = "MyWallet.Models", "MyWallet.Models\MyWallet.Models.csproj", "{F088384C-2C11-4F94-AD5F-A69A7208A24C}"
EndProject
Project("{FAE04EC0-301F-11D3-BF4B-00C04F79EFBC}") = "MyWallet.Database", "MyWallet.Database\MyWallet.Database.csproj", "{6A014C25-2CB0-4541-94F0-632217E190F9}"
EndProject
Project("{FAE04EC0-301F-11D3-BF4B-00C04F79EFBC}") = "MyWallet.Validation", "MyWallet.Validation\MyWallet.Validation.csproj", "{B9928FDA-E047-4558-BB75-68C3A9018A2E}"
EndProject
Global
	GlobalSection(SolutionConfigurationPlatforms) = preSolution
		Debug|Any CPU = Debug|Any CPU
		Release|Any CPU = Release|Any CPU
	EndGlobalSection
	GlobalSection(ProjectConfigurationPlatforms) = postSolution
		{7521AD84-D215-4FC2-A315-72E447FB3E3B}.Debug|Any CPU.ActiveCfg = Debug|Any CPU
		{7521AD84-D215-4FC2-A315-72E447FB3E3B}.Debug|Any CPU.Build.0 = Debug|Any CPU
		{7521AD84-D215-4FC2-A315-72E447FB3E3B}.Release|Any CPU.ActiveCfg = Release|Any CPU
		{7521AD84-D215-4FC2-A315-72E447FB3E3B}.Release|Any CPU.Build.0 = Release|Any CPU
		{86362C18-BF43-4569-8A03-2D87E070E42C}.Debug|Any CPU.ActiveCfg = Debug|Any CPU
		{86362C18-BF43-4569-8A03-2D87E070E42C}.Debug|Any CPU.Build.0 = Debug|Any CPU
		{86362C18-BF43-4569-8A03-2D87E070E42C}.Release|Any CPU.ActiveCfg = Release|Any CPU
		{86362C18-BF43-4569-8A03-2D87E070E42C}.Release|Any CPU.Build.0 = Release|Any CPU
		{F088384C-2C11-4F94-AD5F-A69A7208A24C}.Debug|Any CPU.ActiveCfg = Debug|Any CPU
		{F088384C-2C11-4F94-AD5F-A69A7208A24C}.Debug|Any CPU.Build.0 = Debug|Any CPU
		{F088384C-2C11-4F94-AD5F-A69A7208A24C}.Release|Any CPU.ActiveCfg = Release|Any CPU
		{F088384C-2C11-4F94-AD5F-A69A7208A24C}.Release|Any CPU.Build.0 = Release|Any CPU
		{6A014C25-2CB0-4541-94F0-632217E190F9}.Debug|Any CPU.ActiveCfg = Debug|Any CPU
		{6A014C25-2CB0-4541-94F0-632217E190F9}.Debug|Any CPU.Build.0 = Debug|Any CPU
		{6A014C25-2CB0-4541-94F0-632217E190F9}.Release|Any CPU.ActiveCfg = Release|Any CPU
		{6A014C25-2CB0-4541-94F0-632217E190F9}.Release|Any CPU.Build.0 = Release|Any CPU
		{B9928FDA-E047-4558-BB75-68C3A9018A2E}.Debug|Any CPU.ActiveCfg = Debug|Any CPU
		{B9928FDA-E047-4558-BB75-68C3A9018A2E}.Debug|Any CPU.Build.0 = Debug|Any CPU
		{B9928FDA-E047-4558-BB75-68C3A9018A2E}.Release|Any CPU.ActiveCfg = Release|Any CPU
		{B9928FDA-E047-4558-BB75-68C3A9018A2E}.Release|Any CPU.Build.0 = Release|Any CPU
	EndGlobalSection
	GlobalSection(SolutionProperties) = preSolution
		HideSolutionNode = FALSE
	EndGlobalSection
	GlobalSection(ExtensibilityGlobals) = postSolution
		SolutionGuid = {83025506-4435-4AFD-9AC7-53A642702018}
	EndGlobalSection
EndGlobal
